
Microsoft Visual Studio Solution File, Format Version 12.00
# Visual Studio Version 17
VisualStudioVersion = 17.1.32210.238
MinimumVisualStudioVersion = 10.0.40219.1
Project("{FAE04EC0-301F-11D3-BF4B-00C04F79EFBC}") = "E-nivå 5.1", "E-nivå 5.1\E-nivå 5.1.csproj", "{EBF74691-D71D-4585-A836-4BD4C2E07166}"
EndProject
Global
	GlobalSection(SolutionConfigurationPlatforms) = preSolution
		Debug|Any CPU = Debug|Any CPU
		Release|Any CPU = Release|Any CPU
	EndGlobalSection
	GlobalSection(ProjectConfigurationPlatforms) = postSolution
		{EBF74691-D71D-4585-A836-4BD4C2E07166}.Debug|Any CPU.ActiveCfg = Debug|Any CPU
		{EBF74691-D71D-4585-A836-4BD4C2E07166}.Debug|Any CPU.Build.0 = Debug|Any CPU
		{EBF74691-D71D-4585-A836-4BD4C2E07166}.Release|Any CPU.ActiveCfg = Release|Any CPU
		{EBF74691-D71D-4585-A836-4BD4C2E07166}.Release|Any CPU.Build.0 = Release|Any CPU
	EndGlobalSection
	GlobalSection(SolutionProperties) = preSolution
		HideSolutionNode = FALSE
	EndGlobalSection
	GlobalSection(ExtensibilityGlobals) = postSolution
		SolutionGuid = {34D3AF0B-EF79-43C3-A398-3C02889618F8}
	EndGlobalSection
EndGlobal
